dependencies:
  espressif/esp_websocket_client:
    component_hash: dc00233af846f3a744ada283a300e0d586040aadc3ee67361645ecdce4523672
    dependencies:
    - name: idf
      require: private
      version: '>=5.0'
    source:
      registry_url: https://components.espressif.com/
      type: service
    version: 1.8.0
  idf:
    source:
      type: idf
    version: 5.2.3
direct_dependencies:
- espressif/esp_websocket_client
manifest_hash: f46dbb5bafb0062c2f756579ad992cc453f86380e9cd21cc87b3d972682d146e
target: esp32
version: 2.0.0
